
Microsoft Visual Studio Solution File, Format Version 12.00
# Visual Studio 15
VisualStudioVersion = 15.0.28307.421
MinimumVisualStudioVersion = 10.0.40219.1
Project("{FAE04EC0-301F-11D3-BF4B-00C04F79EFBC}") = "Hedef Vurma", "Hedef Vurma\Hedef Vurma.csproj", "{C075B40B-4E11-45A6-8C8A-42061ECDF489}"
EndProject
Global
	GlobalSection(SolutionConfigurationPlatforms) = preSolution
		Debug|Any CPU = Debug|Any CPU
		Release|Any CPU = Release|Any CPU
	EndGlobalSection
	GlobalSection(ProjectConfigurationPlatforms) = postSolution
		{C075B40B-4E11-45A6-8C8A-42061ECDF489}.Debug|Any CPU.ActiveCfg = Debug|Any CPU
		{C075B40B-4E11-45A6-8C8A-42061ECDF489}.Debug|Any CPU.Build.0 = Debug|Any CPU
		{C075B40B-4E11-45A6-8C8A-42061ECDF489}.Release|Any CPU.ActiveCfg = Release|Any CPU
		{C075B40B-4E11-45A6-8C8A-42061ECDF489}.Release|Any CPU.Build.0 = Release|Any CPU
	EndGlobalSection
	GlobalSection(SolutionProperties) = preSolution
		HideSolutionNode = FALSE
	EndGlobalSection
	GlobalSection(ExtensibilityGlobals) = postSolution
		SolutionGuid = {6DE503F0-36C4-4257-80A6-8FEE1A50B909}
	EndGlobalSection
EndGlobal
